
Microsoft Visual Studio Solution File, Format Version 12.00
# Visual Studio 2012
Project("{2150E333-8FDC-42A3-9474-1A3956D46DE8}") = "1 Bussines Entity", "1 Bussines Entity", "{57CEB802-D8DB-41F1-8D99-A88A81AFE9BE}"
EndProject
Project("{2150E333-8FDC-42A3-9474-1A3956D46DE8}") = "NewFolder1", "NewFolder1", "{41A6BAF9-7012-4290-89B2-1CDAC8A7037D}"
EndProject
Project("{2150E333-8FDC-42A3-9474-1A3956D46DE8}") = "2 Data Access", "2 Data Access", "{2DDCC525-C506-40A5-BFE4-AF09C449B438}"
EndProject
Project("{2150E333-8FDC-42A3-9474-1A3956D46DE8}") = "3 Logic", "3 Logic", "{5B8CD160-6CA5-436D-BDFB-11A817AA23B0}"
EndProject
Project("{2150E333-8FDC-42A3-9474-1A3956D46DE8}") = "4 Services", "4 Services", "{F19D1485-F742-48E3-839E-75ACABD86594}"
EndProject
Project("{2150E333-8FDC-42A3-9474-1A3956D46DE8}") = "5 Web site", "5 Web site", "{CEAB7AB9-8C32-493B-91C6-1C060F1F6981}"
EndProject
Project("{FAE04EC0-301F-11D3-BF4B-00C04F79EFBC}") = "Smart.BussinesEntities", "Smart.BussinesEntities\Smart.BussinesEntities.csproj", "{45BD1243-70D5-412B-A107-2283E62D637F}"
EndProject
Project("{FAE04EC0-301F-11D3-BF4B-00C04F79EFBC}") = "Smart.DataAccess", "Smart.DataAccess\Smart.DataAccess.csproj", "{FEFF292E-74C8-480B-8BEB-87C03AAF3D03}"
EndProject
Project("{FAE04EC0-301F-11D3-BF4B-00C04F79EFBC}") = "Smart.Logic", "Smart.Logic\Smart.Logic.csproj", "{FDA365F3-C55E-49FC-A213-4DC443FEC389}"
EndProject
Project("{FAE04EC0-301F-11D3-BF4B-00C04F79EFBC}") = "Smart.TestHost", "Smart.TestHost\Smart.TestHost.csproj", "{E54A8B68-E2D2-4F36-AB42-EA89415F3C66}"
EndProject
Project("{FAE04EC0-301F-11D3-BF4B-00C04F79EFBC}") = "Smart.TesHostInstall", "Smart.TesHostInstall\Smart.TesHostInstall.csproj", "{C5ED820A-6855-40B0-B30F-C33E6B49ED6A}"
EndProject
Project("{FAE04EC0-301F-11D3-BF4B-00C04F79EFBC}") = "Smart.WebSite", "Smart.WebSite\Smart.WebSite.csproj", "{1D2A2DE9-AD3F-4649-8301-C426F8D35707}"
EndProject
Project("{FAE04EC0-301F-11D3-BF4B-00C04F79EFBC}") = "Smart.Services", "Smart.Services\Smart.Services.csproj", "{9F02C3A5-DDE2-4DA8-A310-D33770956D09}"
EndProject
Global
	GlobalSection(SolutionConfigurationPlatforms) = preSolution
		Debug|Any CPU = Debug|Any CPU
		Debug|Mixed Platforms = Debug|Mixed Platforms
		Debug|x86 = Debug|x86
		Release|Any CPU = Release|Any CPU
		Release|Mixed Platforms = Release|Mixed Platforms
		Release|x86 = Release|x86
	EndGlobalSection
	GlobalSection(ProjectConfigurationPlatforms) = postSolution
		{45BD1243-70D5-412B-A107-2283E62D637F}.Debug|Any CPU.ActiveCfg = Debug|Any CPU
		{45BD1243-70D5-412B-A107-2283E62D637F}.Debug|Any CPU.Build.0 = Debug|Any CPU
		{45BD1243-70D5-412B-A107-2283E62D637F}.Debug|Mixed Platforms.ActiveCfg = Debug|Any CPU
		{45BD1243-70D5-412B-A107-2283E62D637F}.Debug|Mixed Platforms.Build.0 = Debug|Any CPU
		{45BD1243-70D5-412B-A107-2283E62D637F}.Debug|x86.ActiveCfg = Debug|Any CPU
		{45BD1243-70D5-412B-A107-2283E62D637F}.Release|Any CPU.ActiveCfg = Release|Any CPU
		{45BD1243-70D5-412B-A107-2283E62D637F}.Release|Any CPU.Build.0 = Release|Any CPU
		{45BD1243-70D5-412B-A107-2283E62D637F}.Release|Mixed Platforms.ActiveCfg = Release|Any CPU
		{45BD1243-70D5-412B-A107-2283E62D637F}.Release|Mixed Platforms.Build.0 = Release|Any CPU
		{45BD1243-70D5-412B-A107-2283E62D637F}.Release|x86.ActiveCfg = Release|Any CPU
		{FEFF292E-74C8-480B-8BEB-87C03AAF3D03}.Debug|Any CPU.ActiveCfg = Debug|Any CPU
		{FEFF292E-74C8-480B-8BEB-87C03AAF3D03}.Debug|Any CPU.Build.0 = Debug|Any CPU
		{FEFF292E-74C8-480B-8BEB-87C03AAF3D03}.Debug|Mixed Platforms.ActiveCfg = Debug|Any CPU
		{FEFF292E-74C8-480B-8BEB-87C03AAF3D03}.Debug|Mixed Platforms.Build.0 = Debug|Any CPU
		{FEFF292E-74C8-480B-8BEB-87C03AAF3D03}.Debug|x86.ActiveCfg = Debug|Any CPU
		{FEFF292E-74C8-480B-8BEB-87C03AAF3D03}.Release|Any CPU.ActiveCfg = Release|Any CPU
		{FEFF292E-74C8-480B-8BEB-87C03AAF3D03}.Release|Any CPU.Build.0 = Release|Any CPU
		{FEFF292E-74C8-480B-8BEB-87C03AAF3D03}.Release|Mixed Platforms.ActiveCfg = Release|Any CPU
		{FEFF292E-74C8-480B-8BEB-87C03AAF3D03}.Release|Mixed Platforms.Build.0 = Release|Any CPU
		{FEFF292E-74C8-480B-8BEB-87C03AAF3D03}.Release|x86.ActiveCfg = Release|Any CPU
		{FDA365F3-C55E-49FC-A213-4DC443FEC389}.Debug|Any CPU.ActiveCfg = Debug|Any CPU
		{FDA365F3-C55E-49FC-A213-4DC443FEC389}.Debug|Any CPU.Build.0 = Debug|Any CPU
		{FDA365F3-C55E-49FC-A213-4DC443FEC389}.Debug|Mixed Platforms.ActiveCfg = Debug|Any CPU
		{FDA365F3-C55E-49FC-A213-4DC443FEC389}.Debug|Mixed Platforms.Build.0 = Debug|Any CPU
		{FDA365F3-C55E-49FC-A213-4DC443FEC389}.Debug|x86.ActiveCfg = Debug|Any CPU
		{FDA365F3-C55E-49FC-A213-4DC443FEC389}.Release|Any CPU.ActiveCfg = Release|Any CPU
		{FDA365F3-C55E-49FC-A213-4DC443FEC389}.Release|Any CPU.Build.0 = Release|Any CPU
		{FDA365F3-C55E-49FC-A213-4DC443FEC389}.Release|Mixed Platforms.ActiveCfg = Release|Any CPU
		{FDA365F3-C55E-49FC-A213-4DC443FEC389}.Release|Mixed Platforms.Build.0 = Release|Any CPU
		{FDA365F3-C55E-49FC-A213-4DC443FEC389}.Release|x86.ActiveCfg = Release|Any CPU
		{E54A8B68-E2D2-4F36-AB42-EA89415F3C66}.Debug|Any CPU.ActiveCfg = Debug|x86
		{E54A8B68-E2D2-4F36-AB42-EA89415F3C66}.Debug|Mixed Platforms.ActiveCfg = Debug|x86
		{E54A8B68-E2D2-4F36-AB42-EA89415F3C66}.Debug|Mixed Platforms.Build.0 = Debug|x86
		{E54A8B68-E2D2-4F36-AB42-EA89415F3C66}.Debug|x86.ActiveCfg = Debug|x86
		{E54A8B68-E2D2-4F36-AB42-EA89415F3C66}.Debug|x86.Build.0 = Debug|x86
		{E54A8B68-E2D2-4F36-AB42-EA89415F3C66}.Release|Any CPU.ActiveCfg = Release|x86
		{E54A8B68-E2D2-4F36-AB42-EA89415F3C66}.Release|Mixed Platforms.ActiveCfg = Release|x86
		{E54A8B68-E2D2-4F36-AB42-EA89415F3C66}.Release|Mixed Platforms.Build.0 = Release|x86
		{E54A8B68-E2D2-4F36-AB42-EA89415F3C66}.Release|x86.ActiveCfg = Release|x86
		{E54A8B68-E2D2-4F36-AB42-EA89415F3C66}.Release|x86.Build.0 = Release|x86
		{C5ED820A-6855-40B0-B30F-C33E6B49ED6A}.Debug|Any CPU.ActiveCfg = Debug|x86
		{C5ED820A-6855-40B0-B30F-C33E6B49ED6A}.Debug|Mixed Platforms.ActiveCfg = Debug|x86
		{C5ED820A-6855-40B0-B30F-C33E6B49ED6A}.Debug|Mixed Platforms.Build.0 = Debug|x86
		{C5ED820A-6855-40B0-B30F-C33E6B49ED6A}.Debug|x86.ActiveCfg = Debug|x86
		{C5ED820A-6855-40B0-B30F-C33E6B49ED6A}.Debug|x86.Build.0 = Debug|x86
		{C5ED820A-6855-40B0-B30F-C33E6B49ED6A}.Release|Any CPU.ActiveCfg = Release|x86
		{C5ED820A-6855-40B0-B30F-C33E6B49ED6A}.Release|Mixed Platforms.ActiveCfg = Release|x86
		{C5ED820A-6855-40B0-B30F-C33E6B49ED6A}.Release|Mixed Platforms.Build.0 = Release|x86
		{C5ED820A-6855-40B0-B30F-C33E6B49ED6A}.Release|x86.ActiveCfg = Release|x86
		{C5ED820A-6855-40B0-B30F-C33E6B49ED6A}.Release|x86.Build.0 = Release|x86
		{1D2A2DE9-AD3F-4649-8301-C426F8D35707}.Debug|Any CPU.ActiveCfg = Debug|Any CPU
		{1D2A2DE9-AD3F-4649-8301-C426F8D35707}.Debug|Any CPU.Build.0 = Debug|Any CPU
		{1D2A2DE9-AD3F-4649-8301-C426F8D35707}.Debug|Mixed Platforms.ActiveCfg = Debug|Any CPU
		{1D2A2DE9-AD3F-4649-8301-C426F8D35707}.Debug|Mixed Platforms.Build.0 = Debug|Any CPU
		{1D2A2DE9-AD3F-4649-8301-C426F8D35707}.Debug|x86.ActiveCfg = Debug|Any CPU
		{1D2A2DE9-AD3F-4649-8301-C426F8D35707}.Release|Any CPU.ActiveCfg = Release|Any CPU
		{1D2A2DE9-AD3F-4649-8301-C426F8D35707}.Release|Any CPU.Build.0 = Release|Any CPU
		{1D2A2DE9-AD3F-4649-8301-C426F8D35707}.Release|Mixed Platforms.ActiveCfg = Release|Any CPU
		{1D2A2DE9-AD3F-4649-8301-C426F8D35707}.Release|Mixed Platforms.Build.0 = Release|Any CPU
		{1D2A2DE9-AD3F-4649-8301-C426F8D35707}.Release|x86.ActiveCfg = Release|Any CPU
		{9F02C3A5-DDE2-4DA8-A310-D33770956D09}.Debug|Any CPU.ActiveCfg = Debug|Any CPU
		{9F02C3A5-DDE2-4DA8-A310-D33770956D09}.Debug|Any CPU.Build.0 = Debug|Any CPU
		{9F02C3A5-DDE2-4DA8-A310-D33770956D09}.Debug|Mixed Platforms.ActiveCfg = Debug|Any CPU
		{9F02C3A5-DDE2-4DA8-A310-D33770956D09}.Debug|Mixed Platforms.Build.0 = Debug|Any CPU
		{9F02C3A5-DDE2-4DA8-A310-D33770956D09}.Debug|x86.ActiveCfg = Debug|Any CPU
		{9F02C3A5-DDE2-4DA8-A310-D33770956D09}.Release|Any CPU.ActiveCfg = Release|Any CPU
		{9F02C3A5-DDE2-4DA8-A310-D33770956D09}.Release|Any CPU.Build.0 = Release|Any CPU
		{9F02C3A5-DDE2-4DA8-A310-D33770956D09}.Release|Mixed Platforms.ActiveCfg = Release|Any CPU
		{9F02C3A5-DDE2-4DA8-A310-D33770956D09}.Release|Mixed Platforms.Build.0 = Release|Any CPU
		{9F02C3A5-DDE2-4DA8-A310-D33770956D09}.Release|x86.ActiveCfg = Release|Any CPU
	EndGlobalSection
	GlobalSection(SolutionProperties) = preSolution
		HideSolutionNode = FALSE
	EndGlobalSection
	GlobalSection(NestedProjects) = preSolution
		{41A6BAF9-7012-4290-89B2-1CDAC8A7037D} = {57CEB802-D8DB-41F1-8D99-A88A81AFE9BE}
		{45BD1243-70D5-412B-A107-2283E62D637F} = {57CEB802-D8DB-41F1-8D99-A88A81AFE9BE}
		{FEFF292E-74C8-480B-8BEB-87C03AAF3D03} = {2DDCC525-C506-40A5-BFE4-AF09C449B438}
		{FDA365F3-C55E-49FC-A213-4DC443FEC389} = {5B8CD160-6CA5-436D-BDFB-11A817AA23B0}
		{E54A8B68-E2D2-4F36-AB42-EA89415F3C66} = {F19D1485-F742-48E3-839E-75ACABD86594}
		{C5ED820A-6855-40B0-B30F-C33E6B49ED6A} = {F19D1485-F742-48E3-839E-75ACABD86594}
		{9F02C3A5-DDE2-4DA8-A310-D33770956D09} = {F19D1485-F742-48E3-839E-75ACABD86594}
		{1D2A2DE9-AD3F-4649-8301-C426F8D35707} = {CEAB7AB9-8C32-493B-91C6-1C060F1F6981}
	EndGlobalSection
EndGlobal
